<?xml version="1.0" encoding="utf-8"?>
<Project ToolsVersion="4.0" xmlns="http://schemas.microsoft.com/developer/msbuild/2003">
  <ItemGroup>
    <Filter Include="源文件">
      <UniqueIdentifier>{4FC737F1-C7A5-4376-A066-2A32D752A2FF}</UniqueIdentifier>
      <Extensions>cpp;c;cc;cxx;def;odl;idl;hpj;bat;asm;asmx</Extensions>
    </Filter>
    <Filter Include="头文件">
      <UniqueIdentifier>{93995380-89BD-4b04-88EB-625FBE52EBFB}</UniqueIdentifier>
      <Extensions>h;hh;hpp;hxx;hm;inl;inc;xsd</Extensions>
    </Filter>
    <Filter Include="头文件\View">
      <UniqueIdentifier>{f72230f6-56c3-4cae-9fd0-2f79348aa0ab}</UniqueIdentifier>
    </Filter>
    <Filter Include="源文件\View">
      <UniqueIdentifier>{87ccf21b-e424-4dc5-a166-969dbbc7e39b}</UniqueIdentifier>
    </Filter>
    <Filter Include="源文件\Persistent">
      <UniqueIdentifier>{21c15258-aa8b-4718-8d15-c88f2e78fd27}</UniqueIdentifier>
    </Filter>
    <Filter Include="头文件\Persistent">
      <UniqueIdentifier>{9abc5660-47a7-42a1-80dd-17b598b2886e}</UniqueIdentifier>
    </Filter>
    <Filter Include="头文件\Service">
      <UniqueIdentifier>{e767b821-716c-42da-ad2b-cdc949da2917}</UniqueIdentifier>
    </Filter>
    <Filter Include="头文件\Other">
      <UniqueIdentifier>{392d75bc-3897-4b9c-8f0a-0c43985aa88c}</UniqueIdentifier>
    </Filter>
    <Filter Include="源文件\Service">
      <UniqueIdentifier>{0ba434b4-b1a8-4c31-ba6a-d259be2ef5bd}</UniqueIdentifier>
    </Filter>
    <Filter Include="源文件\Other">
      <UniqueIdentifier>{95306d63-9c59-436c-b6b2-faee0bb19f59}</UniqueIdentifier>
    </Filter>
    <Filter Include="源文件\View\资源文件">
      <UniqueIdentifier>{67DA6AB6-F800-4c08-8B7A-83BB121AAD01}</UniqueIdentifier>
      <Extensions>rc;ico;cur;bmp;dlg;rc2;rct;bin;rgs;gif;jpg;jpeg;jpe;resx;tiff;tif;png;wav;mfcribbon-ms</Extensions>
    </Filter>
  </ItemGroup>
  <ItemGroup>
    <Text Include="ReadMe.txt" />
  </ItemGroup>
  <ItemGroup>
    <ClInclude Include="stdafx.h">
      <Filter>头文件</Filter>
    </ClInclude>
    <ClInclude Include="targetver.h">
      <Filter>头文件</Filter>
    </ClInclude>
    <ClInclude Include="TTMS_GotoXY.h">
      <Filter>头文件\Other</Filter>
    </ClInclude>
    <ClInclude Include="BIOS_GOTO_BOX.h">
      <Filter>头文件\Other</Filter>
    </ClInclude>
    <ClInclude Include="GET_KEY.h">
      <Filter>头文件\Other</Filter>
    </ClInclude>
    <ClInclude Include="INPUT_ACCOUT.h">
      <Filter>头文件\Other</Filter>
    </ClInclude>
    <ClInclude Include="INPUT_PASSWORD.h">
      <Filter>头文件\Other</Filter>
    </ClInclude>
    <ClInclude Include="GET_XY.h">
      <Filter>头文件\Other</Filter>
    </ClInclude>
    <ClInclude Include="GET_OC.h">
      <Filter>头文件\Other</Filter>
    </ClInclude>
    <ClInclude Include="TTMS_INITIAL.h">
      <Filter>头文件\Other</Filter>
    </ClInclude>
    <ClInclude Include="TTMS_SCU_Login.h">
      <Filter>头文件\View</Filter>
    </ClInclude>
    <ClInclude Include="TTMS_SCU_Account_Srv_InitSys.h">
      <Filter>头文件\Service</Filter>
    </ClInclude>
    <ClInclude Include="TTMS_SCU_Account_UI_InitSys.h">
      <Filter>头文件\View</Filter>
    </ClInclude>
    <ClInclude Include="TTMS_SCU_Account_Srv_Add.h">
      <Filter>头文件\Service</Filter>
    </ClInclude>
    <ClInclude Include="TTMS_SCU_Account_Srv_Vertify.h">
      <Filter>头文件\Service</Filter>
    </ClInclude>
    <ClInclude Include="TTMS_SCU_Account_Prest_Insert.h">
      <Filter>头文件\Persistent</Filter>
    </ClInclude>
    <ClInclude Include="TTMS_SCU_Account_Srv_FetchAll.h">
      <Filter>头文件\Service</Filter>
    </ClInclude>
    <ClInclude Include="CREAT_LIST_HEAD_USER.h">
      <Filter>头文件\Service</Filter>
    </ClInclude>
    <ClInclude Include="TTMS_SCU_Account_UI_Browe.h">
      <Filter>头文件\View</Filter>
    </ClInclude>
    <ClInclude Include="TTMS_SCU_Account_Perst_CheckAccout.h">
      <Filter>头文件\Persistent</Filter>
    </ClInclude>
    <ClInclude Include="TTMS_SCU_Account_Perst_CheckAccFile.h">
      <Filter>头文件\Persistent</Filter>
    </ClInclude>
    <ClInclude Include="TTMS_SCU_Account_Srv_Back.h">
      <Filter>头文件\Service</Filter>
    </ClInclude>
    <ClInclude Include="TTMS_SCU_Account_UI_Add.h">
      <Filter>头文件\View</Filter>
    </ClInclude>
    <ClInclude Include="TTMS_SCU_Account_Srv_Infor.h">
      <Filter>头文件\Service</Filter>
    </ClInclude>
    <ClInclude Include="TTMS_SCU_Account_UI_BoByPage.h">
      <Filter>头文件\View</Filter>
    </ClInclude>
    <ClInclude Include="TTMS_SCU_Account_Srv_DelByID.h">
      <Filter>头文件\Service</Filter>
    </ClInclude>
    <ClInclude Include="TTMS_SCU_Account_perst_Update.h">
      <Filter>头文件\Persistent</Filter>
    </ClInclude>
    <ClInclude Include="TTMS_SCU_Main_UI_MgtEnt.h">
      <Filter>头文件\View</Filter>
    </ClInclude>
    <ClInclude Include="TTMS_SCU_Account_UI_MgtEnt.h">
      <Filter>头文件\View</Filter>
    </ClInclude>
    <ClInclude Include="TTMS_SCU_Studio_UI_MgtEnt.h">
      <Filter>头文件\View</Filter>
    </ClInclude>
    <ClInclude Include="TTMS_SCU_Studio_UI_Add.h">
      <Filter>头文件\View</Filter>
    </ClInclude>
    <ClInclude Include="TTMS_SCU_Studio_Srv_Infor.h">
      <Filter>头文件\Service</Filter>
    </ClInclude>
    <ClInclude Include="TTMS_SCU_EntKey_Srv_CompNewKey.h">
      <Filter>头文件\Service</Filter>
    </ClInclude>
    <ClInclude Include="TTMS_SCU_EntKey_Perst_CompNewKeys.h">
      <Filter>头文件\Persistent</Filter>
    </ClInclude>
    <ClInclude Include="TTMS_SCU_Studio_Perst_Insert.h">
      <Filter>头文件\Persistent</Filter>
    </ClInclude>
    <ClInclude Include="TTMS_SCU_Studio_Srv_Add.h">
      <Filter>头文件\Service</Filter>
    </ClInclude>
    <ClInclude Include="TTMS_SCU_Studio_UI_DelByID.h">
      <Filter>头文件\View</Filter>
    </ClInclude>
    <ClInclude Include="TTMS_SCU_Studio_Perst_FetchByID.h">
      <Filter>头文件\Persistent</Filter>
    </ClInclude>
    <ClInclude Include="TTMS_SCU_Studio_Perst_DelByID.h">
      <Filter>头文件\Persistent</Filter>
    </ClInclude>
    <ClInclude Include="TTMS_SCU_Account_Perst_DelByName.h">
      <Filter>头文件\Persistent</Filter>
    </ClInclude>
    <ClInclude Include="TTMS_SCU_Account_UI_DelByN.h">
      <Filter>头文件\View</Filter>
    </ClInclude>
    <ClInclude Include="TTMS_SCU_Account_Perst_FetchByAcc.h">
      <Filter>头文件\Persistent</Filter>
    </ClInclude>
    <ClInclude Include="TTMS_SCU_Account_Perst_FetchByName.h">
      <Filter>头文件\Persistent</Filter>
    </ClInclude>
    <ClInclude Include="TTMS_SCU_Account_UI_ModP.h">
      <Filter>头文件\View</Filter>
    </ClInclude>
    <ClInclude Include="TTMS_SCU_Account_Srv_ModP.h">
      <Filter>头文件\Service</Filter>
    </ClInclude>
    <ClInclude Include="TTMS_SCU_Account_Perst_ModP.h">
      <Filter>头文件\Persistent</Filter>
    </ClInclude>
    <ClInclude Include="TTMS_SCU_Account_UI_QUE.h">
      <Filter>头文件\Persistent</Filter>
    </ClInclude>
    <ClInclude Include="TTMS_SCU_Studio_Perst_CompKeyM.h">
      <Filter>头文件\Persistent</Filter>
    </ClInclude>
    <ClInclude Include="TTMS_SCU_Studio_Perst_CompKeyP.h">
      <Filter>头文件\Persistent</Filter>
    </ClInclude>
    <ClInclude Include="TTMS_SCU_Studio_UI_Browe.h">
      <Filter>头文件\View</Filter>
    </ClInclude>
    <ClInclude Include="TTMS_SCU_Studio_UI_LookByP.h">
      <Filter>头文件\View</Filter>
    </ClInclude>
    <ClInclude Include="TTMS_SCU_Studio_Srv_FetchById.h">
      <Filter>头文件\Service</Filter>
    </ClInclude>
    <ClInclude Include="TTMS_SCU_Studio_UI_Mod.h">
      <Filter>头文件\View</Filter>
    </ClInclude>
    <ClInclude Include="TTMS_SCU_Studio_Srv_Mod.h">
      <Filter>头文件\Service</Filter>
    </ClInclude>
    <ClInclude Include="TTMS_SCU_Studio_Perst_Mod.h">
      <Filter>头文件\Persistent</Filter>
    </ClInclude>
    <ClInclude Include="TTMS_SCU_Seat_Srv_Info.h">
      <Filter>头文件\Service</Filter>
    </ClInclude>
    <ClInclude Include="TTMS_SCU_Seat_UI_MgEnt.h">
      <Filter>头文件\View</Filter>
    </ClInclude>
    <ClInclude Include="TTMS_SCU_Seat_UI_Add.h">
      <Filter>头文件\View</Filter>
    </ClInclude>
    <ClInclude Include="TTMS_SCU_Seat_Srv_FetchByID.h">
      <Filter>头文件\Service</Filter>
    </ClInclude>
    <ClInclude Include="TTMS_SCU_Seat_Perst_FetchByID.h">
      <Filter>头文件\Persistent</Filter>
    </ClInclude>
    <ClInclude Include="TTMS_SCU_Seat_Srv_Check.h">
      <Filter>头文件\Service</Filter>
    </ClInclude>
    <ClInclude Include="TTMS_SCU_EntKeySeat_Perst_ComNewKey.h">
      <Filter>头文件\Persistent</Filter>
    </ClInclude>
    <ClInclude Include="TTMS_SCU_EntKeySeat_Perst_CompKeyM.h">
      <Filter>头文件\Persistent</Filter>
    </ClInclude>
    <ClInclude Include="TTMS_SCU_EntKeySeat_Perst_CompP.h">
      <Filter>头文件\Persistent</Filter>
    </ClInclude>
    <ClInclude Include="TTMS_SCU_Seat_Perst_Insert.h">
      <Filter>头文件\Persistent</Filter>
    </ClInclude>
    <ClInclude Include="TTMS_SCU_Seat_Srv_Add.h">
      <Filter>头文件\Service</Filter>
    </ClInclude>
    <ClInclude Include="TTMS_SCU_Seat_UI_Del.h">
      <Filter>头文件\View</Filter>
    </ClInclude>
    <ClInclude Include="TTMS_SCU_Seat_Perst_Del.h">
      <Filter>头文件\Persistent</Filter>
    </ClInclude>
    <ClInclude Include="TTMS_SCU_Seat_Srv_Mod.h">
      <Filter>头文件\Service</Filter>
    </ClInclude>
    <ClInclude Include="TTMS_SCU_Seat_Perst_Mod.h">
      <Filter>头文件\Persistent</Filter>
    </ClInclude>
    <ClInclude Include="TTMS_SCU_Seat_UI_Mod.h">
      <Filter>头文件\View</Filter>
    </ClInclude>
    <ClInclude Include="TTMS_SCU_Seat_UI_Browe.h">
      <Filter>头文件\View</Filter>
    </ClInclude>
    <ClInclude Include="TTMS_SCU_Play_UI_MgtEnt.h">
      <Filter>头文件\View</Filter>
    </ClInclude>
    <ClInclude Include="TTMS_SCU_Play_UI_Add.h">
      <Filter>头文件\View</Filter>
    </ClInclude>
    <ClInclude Include="TTMS_SCU_Play_Srv_Info.h">
      <Filter>头文件\Service</Filter>
    </ClInclude>
    <ClInclude Include="TTMS_SCU_Play_Srv_Add.h">
      <Filter>头文件\Service</Filter>
    </ClInclude>
    <ClInclude Include="TTMS_SCU_EntKeyPlay_Perst_CompNewKeys.h">
      <Filter>头文件\Persistent</Filter>
    </ClInclude>
    <ClInclude Include="TTMS_SCU_EntKeyPlay_Perst_CompKeyP.h">
      <Filter>头文件\Persistent</Filter>
    </ClInclude>
    <ClInclude Include="TTMS_SCU_EntKeyPlay_Perst_CompKeyM.h">
      <Filter>头文件\Persistent</Filter>
    </ClInclude>
    <ClInclude Include="TTMS_SCU_Play_Srv_Check.h">
      <Filter>头文件\Service</Filter>
    </ClInclude>
    <ClInclude Include="TTMS_SCU_Play_Perst_FetchByID.h">
      <Filter>头文件\Persistent</Filter>
    </ClInclude>
    <ClInclude Include="TTMS_SCU_Play_Perst_Insert.h">
      <Filter>头文件\Persistent</Filter>
    </ClInclude>
    <ClInclude Include="TTMS_SCU_Play_UI_Browe.h">
      <Filter>头文件\View</Filter>
    </ClInclude>
    <ClInclude Include="TTMS_SCU_Play_UI_LookByP.h">
      <Filter>头文件\View</Filter>
    </ClInclude>
    <ClInclude Include="TTMS_SCU_Play_UI_Del.h">
      <Filter>头文件\View</Filter>
    </ClInclude>
    <ClInclude Include="TTMS_SCU_Play_Perst_Del.h">
      <Filter>头文件\Persistent</Filter>
    </ClInclude>
    <ClInclude Include="TTMS_SCU_Play_Srv_Mod.h">
      <Filter>头文件\Service</Filter>
    </ClInclude>
    <ClInclude Include="TTMS_SCU_Play_Perst_Mod.h">
      <Filter>头文件\Persistent</Filter>
    </ClInclude>
    <ClInclude Include="TTMS_SCU_Schedule_Srv_Info.h">
      <Filter>头文件\Service</Filter>
    </ClInclude>
    <ClInclude Include="TTMS_SCU_Schedule_UI_MgtEnt.h">
      <Filter>头文件\View</Filter>
    </ClInclude>
    <ClInclude Include="TTMS_SCU_EntKeySche_Perst_CompNewKeys.h">
      <Filter>头文件\Persistent</Filter>
    </ClInclude>
    <ClInclude Include="TTMS_SCU_EntKeySche_Perst_CompKeyP.h">
      <Filter>头文件\Persistent</Filter>
    </ClInclude>
    <ClInclude Include="TTMS_SCU_EntKeySche_Perst_CompKeyM.h">
      <Filter>头文件\Persistent</Filter>
    </ClInclude>
    <ClInclude Include="TTMS_SCU_Sche_Perst_FetchByID.h">
      <Filter>头文件\Persistent</Filter>
    </ClInclude>
    <ClInclude Include="TTMS_SCU_Sche_Srv_FetchByID.h">
      <Filter>头文件\Service</Filter>
    </ClInclude>
    <ClInclude Include="TTMS_SCU_Play_UI_Mod.h">
      <Filter>头文件\View</Filter>
    </ClInclude>
    <ClInclude Include="TTMS_SCU_Schedule_Srv_Check.h">
      <Filter>头文件\Service</Filter>
    </ClInclude>
    <ClInclude Include="TTMS_SCU_Schedule_UI_Add.h">
      <Filter>头文件\View</Filter>
    </ClInclude>
    <ClInclude Include="TTMS_SCU_Schedule_Srv_Add.h">
      <Filter>头文件\Service</Filter>
    </ClInclude>
    <ClInclude Include="TTMS_SCU_Schedule_Perst_Insert.h">
      <Filter>头文件\Persistent</Filter>
    </ClInclude>
    <ClInclude Include="TTMS_SCU_Schedule_UI_Del.h">
      <Filter>头文件\View</Filter>
    </ClInclude>
    <ClInclude Include="TTMS_SCU_Schedule_Perst_Del.h">
      <Filter>头文件\Persistent</Filter>
    </ClInclude>
    <ClInclude Include="TTMS_SCU_Schedule_Srv_Del.h">
      <Filter>头文件\Service</Filter>
    </ClInclude>
    <ClInclude Include="TTMS_SCU_Schedule_UI_Browe.h">
      <Filter>头文件\View</Filter>
    </ClInclude>
    <ClInclude Include="TTMS_SCU_Schedule_UI_LookByP.h">
      <Filter>头文件\View</Filter>
    </ClInclude>
    <ClInclude Include="TTMS_SCU_Schedule_UI_Mod.h">
      <Filter>头文件\View</Filter>
    </ClInclude>
    <ClInclude Include="TTMS_SCU_Schedule_Srv_Mod.h">
      <Filter>头文件\Service</Filter>
    </ClInclude>
    <ClInclude Include="TTMS_SCU_Schedule_Perst_Mod.h">
      <Filter>头文件\Persistent</Filter>
    </ClInclude>
    <ClInclude Include="TTMS_SCU_Sale_UI_ShowTicket.h">
      <Filter>头文件\View</Filter>
    </ClInclude>
    <ClInclude Include="TTMS_SCU_Sale_UI_ShowSchedule.h">
      <Filter>头文件\View</Filter>
    </ClInclude>
    <ClInclude Include="TTMS_SCU_Sale_UI_MgtEnt.h">
      <Filter>头文件\View</Filter>
    </ClInclude>
    <ClInclude Include="TTMS_SCU_Ticket_Srv_Info.h">
      <Filter>头文件\Service</Filter>
    </ClInclude>
    <ClInclude Include="TTMS_SCU_Sale_Srv_Info.h">
      <Filter>头文件\Service</Filter>
    </ClInclude>
    <ClInclude Include="TTMS_SCU_EntKey_Ticket_CompNewKeys.h">
      <Filter>头文件\Persistent</Filter>
    </ClInclude>
    <ClInclude Include="TTMS_SCU_EntKey_Sale_CompNewKeys.h">
      <Filter>头文件\Persistent</Filter>
    </ClInclude>
    <ClInclude Include="TTMS_SCU_EntKeySale_Perst_CompKeyM.h">
      <Filter>头文件\Persistent</Filter>
    </ClInclude>
    <ClInclude Include="TTMS_SCU_EntKeyTicket_Perst_CompKeyM.h">
      <Filter>头文件\Persistent</Filter>
    </ClInclude>
    <ClInclude Include="TTMS_SCU_EntKeySale_Perst_CompKeyP.h">
      <Filter>头文件\Persistent</Filter>
    </ClInclude>
    <ClInclude Include="TTMS_SCU_EntKeyTicket_Perst_CompKeyP.h">
      <Filter>头文件\Persistent</Filter>
    </ClInclude>
    <ClInclude Include="TTMS_SCU_Ticket_Srv_StatusC.h">
      <Filter>头文件\Service</Filter>
    </ClInclude>
    <ClInclude Include="TTMS_SCU_Ticket_Perst_Insert.h">
      <Filter>头文件\Persistent</Filter>
    </ClInclude>
    <ClInclude Include="TTMS_SCU_Play_Srv_FetchById.h">
      <Filter>头文件\Service</Filter>
    </ClInclude>
    <ClInclude Include="TTMS_SCU_Ticket_Srv_Add.h">
      <Filter>头文件\Service</Filter>
    </ClInclude>
    <ClInclude Include="TTMS_SCU_Seat_Srv_StatusC.h">
      <Filter>头文件\Service</Filter>
    </ClInclude>
    <ClInclude Include="TTMS_SCU_Seat_Perst_FetchByRC.h">
      <Filter>头文件\Persistent</Filter>
    </ClInclude>
    <ClInclude Include="TTMS_SCU_Ticket_Perst_FetchByRC.h">
      <Filter>头文件\Persistent</Filter>
    </ClInclude>
    <ClInclude Include="TTMS_SCU_Ticket_Perst_FetchByID.h">
      <Filter>头文件\Persistent</Filter>
    </ClInclude>
    <ClInclude Include="TTMS_SCU_Ticket_ShowByT.h">
      <Filter>头文件\View</Filter>
    </ClInclude>
    <ClInclude Include="TTMS_SCU_Sale_Srv_Sale.h">
      <Filter>头文件\Service</Filter>
    </ClInclude>
    <ClInclude Include="TTMS_SCU_Sale_Perst_Insert.h">
      <Filter>头文件\Persistent</Filter>
    </ClInclude>
    <ClInclude Include="TTMS_SCU_Ticket_Perst_Mod.h">
      <Filter>头文件\Persistent</Filter>
    </ClInclude>
    <ClInclude Include="TTMS_SCU_Sale_Srv_Return.h">
      <Filter>头文件\Service</Filter>
    </ClInclude>
    <ClInclude Include="TTMS_SCU_SaleData_UI_Analysis.h">
      <Filter>头文件\View</Filter>
    </ClInclude>
    <ClInclude Include="TTMS_SCU_SaleData_Srv_FetchByID.h">
      <Filter>头文件\Persistent</Filter>
    </ClInclude>
    <ClInclude Include="TTMS_SCU_SaleData_Perst_FetchByID.h">
      <Filter>头文件\Persistent</Filter>
    </ClInclude>
    <ClInclude Include="TTMS_SCU_SaleData_Perst_FetchByUser.h">
      <Filter>头文件\Persistent</Filter>
    </ClInclude>
    <ClInclude Include="TTMS_SCU_SaleData_UI_Browe.h">
      <Filter>头文件\View</Filter>
    </ClInclude>
    <ClInclude Include="TTMS_SCU_SaleData_UI_LookByP.h">
      <Filter>头文件\View</Filter>
    </ClInclude>
    <ClInclude Include="TTMS_SCU_SaleM_UI_Money.h">
      <Filter>头文件\View</Filter>
    </ClInclude>
    <ClInclude Include="TTMS_SCU_Srv_DelAllSeatByStudioUp.h">
      <Filter>头文件\Service</Filter>
    </ClInclude>
    <ClInclude Include="TTMS_SCU_Perst_DelAllSeatByStudioUp.h">
      <Filter>头文件\Persistent</Filter>
    </ClInclude>
  </ItemGroup>
  <ItemGroup>
    <ClCompile Include="stdafx.cpp">
      <Filter>源文件</Filter>
    </ClCompile>
    <ClCompile Include="BIOS_GOTO_BOX.cpp">
      <Filter>源文件\Other</Filter>
    </ClCompile>
    <ClCompile Include="GET_KEY.cpp">
      <Filter>源文件\Other</Filter>
    </ClCompile>
    <ClCompile Include="GET_XY.cpp">
      <Filter>源文件\Other</Filter>
    </ClCompile>
    <ClCompile Include="INPUT_ACCOUT.cpp">
      <Filter>源文件\Other</Filter>
    </ClCompile>
    <ClCompile Include="INPUT_PASSWORD.cpp">
      <Filter>源文件\Other</Filter>
    </ClCompile>
    <ClCompile Include="TTMS_GotoXY.cpp">
      <Filter>源文件\Other</Filter>
    </ClCompile>
    <ClCompile Include="TTMS_INITIAL.cpp">
      <Filter>源文件\Other</Filter>
    </ClCompile>
    <ClCompile Include="GET_OC.cpp">
      <Filter>源文件\Other</Filter>
    </ClCompile>
    <ClCompile Include="TTMS_SCU_Account_Srv_InitSys.cpp">
      <Filter>源文件\Service</Filter>
    </ClCompile>
    <ClCompile Include="TTMS_SCU_Account_UI_InitSys.cpp">
      <Filter>源文件\View</Filter>
    </ClCompile>
    <ClCompile Include="TTMS_SCU_Account_Prest_Insert.cpp">
      <Filter>源文件\Persistent</Filter>
    </ClCompile>
    <ClCompile Include="TTMS_SCU_Account_Srv_Add.cpp">
      <Filter>源文件\Service</Filter>
    </ClCompile>
    <ClCompile Include="TTMS.cpp">
      <Filter>源文件</Filter>
    </ClCompile>
    <ClCompile Include="TTMS_SCU_Account_Srv_Vertify.cpp">
      <Filter>源文件\Service</Filter>
    </ClCompile>
    <ClCompile Include="TTMS_SCU_Account_Srv_FetchAll.cpp">
      <Filter>源文件\Service</Filter>
    </ClCompile>
    <ClCompile Include="TTMS_SCU_Login.cpp">
      <Filter>源文件\View</Filter>
    </ClCompile>
    <ClCompile Include="CREAT_LIST_HEAD_USER.cpp">
      <Filter>源文件\Service</Filter>
    </ClCompile>
    <ClCompile Include="TTMS_SCU_Account_UI_Browe.cpp">
      <Filter>源文件\View</Filter>
    </ClCompile>
    <ClCompile Include="TTMS_SCU_Account_Perst_CheckAccout.cpp">
      <Filter>源文件\Persistent</Filter>
    </ClCompile>
    <ClCompile Include="TTMS_SCU_Account_Perst_CheckAccFile.cpp">
      <Filter>源文件\Persistent</Filter>
    </ClCompile>
    <ClCompile Include="TTMS_SCU_Account_UI_Add.cpp">
      <Filter>源文件\View</Filter>
    </ClCompile>
    <ClCompile Include="TTMS_SCU_Account_Srv_Back.cpp">
      <Filter>源文件\Service</Filter>
    </ClCompile>
    <ClCompile Include="TTMS_SCU_Account_UI_BoByPage.cpp">
      <Filter>源文件\View</Filter>
    </ClCompile>
    <ClCompile Include="TTMS_SCU_Account_perst_Update.cpp">
      <Filter>源文件\Persistent</Filter>
    </ClCompile>
    <ClCompile Include="TTMS_SCU_Account_Srv_DelByID.cpp">
      <Filter>源文件\Service</Filter>
    </ClCompile>
    <ClCompile Include="TTMS_SCU_Main_UI_MgtEnt.cpp">
      <Filter>源文件\View</Filter>
    </ClCompile>
    <ClCompile Include="TTMS_SCU_Account_UI_MgtEnt.cpp">
      <Filter>源文件\View</Filter>
    </ClCompile>
    <ClCompile Include="TTMS_SCU_Studio_UI_MgtEnt.cpp">
      <Filter>源文件\View</Filter>
    </ClCompile>
    <ClCompile Include="TTMS_SCU_EntKey_Srv_CompNewKey.cpp">
      <Filter>源文件\Service</Filter>
    </ClCompile>
    <ClCompile Include="TTMS_SCU_EntKey_Perst_CompNewKeys.cpp">
      <Filter>源文件\Persistent</Filter>
    </ClCompile>
    <ClCompile Include="TTMS_SCU_Studio_UI_Add.cpp">
      <Filter>源文件\View</Filter>
    </ClCompile>
    <ClCompile Include="TTMS_SCU_Account_UI_DelByN.cpp">
      <Filter>源文件\View</Filter>
    </ClCompile>
    <ClCompile Include="TTMS_SCU_Account_Perst_FetchByAcc.cpp">
      <Filter>源文件\Persistent</Filter>
    </ClCompile>
    <ClCompile Include="TTMS_SCU_Account_Perst_DelByName.cpp">
      <Filter>源文件\Persistent</Filter>
    </ClCompile>
    <ClCompile Include="TTMS_SCU_Account_Perst_FetchByName.cpp">
      <Filter>源文件\Persistent</Filter>
    </ClCompile>
    <ClCompile Include="TTMS_SCU_Studio_Perst_CompKeyM.cpp">
      <Filter>源文件\Persistent</Filter>
    </ClCompile>
    <ClCompile Include="TTMS_SCU_Studio_Perst_CompKeyP.cpp">
      <Filter>源文件\Persistent</Filter>
    </ClCompile>
    <ClCompile Include="TTMS_SCU_Studio_Perst_DelByID.cpp">
      <Filter>源文件\Persistent</Filter>
    </ClCompile>
    <ClCompile Include="TTMS_SCU_Studio_Perst_FetchByID.cpp">
      <Filter>源文件\Persistent</Filter>
    </ClCompile>
    <ClCompile Include="TTMS_SCU_Studio_Perst_Insert.cpp">
      <Filter>源文件\Persistent</Filter>
    </ClCompile>
    <ClCompile Include="TTMS_SCU_Studio_Srv_Add.cpp">
      <Filter>源文件\Service</Filter>
    </ClCompile>
    <ClCompile Include="TTMS_SCU_Studio_UI_DelByID.cpp">
      <Filter>源文件\View</Filter>
    </ClCompile>
    <ClCompile Include="TTMS_SCU_Account_Perst_ModP.cpp">
      <Filter>源文件\Persistent</Filter>
    </ClCompile>
    <ClCompile Include="TTMS_SCU_Account_Srv_ModP.cpp">
      <Filter>源文件\Service</Filter>
    </ClCompile>
    <ClCompile Include="TTMS_SCU_Account_UI_ModP.cpp">
      <Filter>源文件\View</Filter>
    </ClCompile>
    <ClCompile Include="TTMS_SCU_Account_UI_QUE.cpp">
      <Filter>源文件\View</Filter>
    </ClCompile>
    <ClCompile Include="TTMS_SCU_Studio_UI_Browe.cpp">
      <Filter>源文件\View</Filter>
    </ClCompile>
    <ClCompile Include="TTMS_SCU_Studio_UI_LookByP.cpp">
      <Filter>源文件\View</Filter>
    </ClCompile>
    <ClCompile Include="TTMS_SCU_Studio_Srv_FetchById.cpp">
      <Filter>源文件\Service</Filter>
    </ClCompile>
    <ClCompile Include="TTMS_SCU_Studio_Srv_Mod.cpp">
      <Filter>源文件\Service</Filter>
    </ClCompile>
    <ClCompile Include="TTMS_SCU_Studio_Perst_Mod.cpp">
      <Filter>源文件\Persistent</Filter>
    </ClCompile>
    <ClCompile Include="TTMS_SCU_Studio_UI_Mod.cpp">
      <Filter>源文件\View</Filter>
    </ClCompile>
    <ClCompile Include="TTMS_SCU_Seat_UI_MgEnt.cpp">
      <Filter>源文件\View</Filter>
    </ClCompile>
    <ClCompile Include="TTMS_SCU_Seat_UI_Add.cpp">
      <Filter>源文件\View</Filter>
    </ClCompile>
    <ClCompile Include="TTMS_SCU_EntKeySeat_Perst_CompP.cpp">
      <Filter>源文件\Persistent</Filter>
    </ClCompile>
    <ClCompile Include="TTMS_SCU_EntKeySeat_Perst_ComNewKey.cpp">
      <Filter>源文件\Persistent</Filter>
    </ClCompile>
    <ClCompile Include="TTMS_SCU_EntKeySeat_Perst_CompKeyM.cpp">
      <Filter>源文件\Persistent</Filter>
    </ClCompile>
    <ClCompile Include="TTMS_SCU_Seat_Perst_FetchByID.cpp">
      <Filter>源文件\Persistent</Filter>
    </ClCompile>
    <ClCompile Include="TTMS_SCU_Seat_Srv_FetchByID.cpp">
      <Filter>源文件\Service</Filter>
    </ClCompile>
    <ClCompile Include="TTMS_SCU_Seat_Srv_Check.cpp">
      <Filter>源文件\Service</Filter>
    </ClCompile>
    <ClCompile Include="TTMS_SCU_Seat_Perst_Insert.cpp">
      <Filter>源文件\Persistent</Filter>
    </ClCompile>
    <ClCompile Include="TTMS_SCU_Seat_Srv_Add.cpp">
      <Filter>源文件\Service</Filter>
    </ClCompile>
    <ClCompile Include="TTMS_SCU_Seat_Perst_Del.cpp">
      <Filter>源文件\Persistent</Filter>
    </ClCompile>
    <ClCompile Include="TTMS_SCU_Seat_UI_Del.cpp">
      <Filter>源文件\View</Filter>
    </ClCompile>
    <ClCompile Include="TTMS_SCU_Seat_UI_Mod.cpp">
      <Filter>源文件\View</Filter>
    </ClCompile>
    <ClCompile Include="TTMS_SCU_Seat_Perst_Mod.cpp">
      <Filter>源文件\Persistent</Filter>
    </ClCompile>
    <ClCompile Include="TTMS_SCU_Seat_Srv_Mod.cpp">
      <Filter>源文件\Service</Filter>
    </ClCompile>
    <ClCompile Include="TTMS_SCU_Seat_UI_Browe.cpp">
      <Filter>源文件\View</Filter>
    </ClCompile>
    <ClCompile Include="TTMS_SCU_Play_UI_MgtEnt.cpp">
      <Filter>源文件\View</Filter>
    </ClCompile>
    <ClCompile Include="TTMS_SCU_EntKeyPlay_Perst_CompKeyM.cpp">
      <Filter>源文件\Persistent</Filter>
    </ClCompile>
    <ClCompile Include="TTMS_SCU_EntKeyPlay_Perst_CompKeyP.cpp">
      <Filter>源文件\Persistent</Filter>
    </ClCompile>
    <ClCompile Include="TTMS_SCU_EntKeyPlay_Perst_CompNewKeys.cpp">
      <Filter>源文件\Persistent</Filter>
    </ClCompile>
    <ClCompile Include="TTMS_SCU_Play_Perst_FetchByID.cpp">
      <Filter>源文件\Persistent</Filter>
    </ClCompile>
    <ClCompile Include="TTMS_SCU_Play_Perst_Insert.cpp">
      <Filter>源文件\Persistent</Filter>
    </ClCompile>
    <ClCompile Include="TTMS_SCU_Play_Srv_Check.cpp">
      <Filter>源文件\Service</Filter>
    </ClCompile>
    <ClCompile Include="TTMS_SCU_Play_Srv_Add.cpp">
      <Filter>源文件\Service</Filter>
    </ClCompile>
    <ClCompile Include="TTMS_SCU_Play_UI_Add.cpp">
      <Filter>源文件\View</Filter>
    </ClCompile>
    <ClCompile Include="TTMS_SCU_Play_UI_Browe.cpp">
      <Filter>源文件\View</Filter>
    </ClCompile>
    <ClCompile Include="TTMS_SCU_Play_UI_LookByP.cpp">
      <Filter>源文件\View</Filter>
    </ClCompile>
    <ClCompile Include="TTMS_SCU_Play_Perst_Del.cpp">
      <Filter>源文件\Persistent</Filter>
    </ClCompile>
    <ClCompile Include="TTMS_SCU_Play_UI_Del.cpp">
      <Filter>源文件\View</Filter>
    </ClCompile>
    <ClCompile Include="TTMS_SCU_Play_Srv_FetchById.cpp">
      <Filter>源文件\Service</Filter>
    </ClCompile>
    <ClCompile Include="TTMS_SCU_Play_UI_Mod.cpp">
      <Filter>源文件\View</Filter>
    </ClCompile>
    <ClCompile Include="TTMS_SCU_Play_Srv_Mod.cpp">
      <Filter>源文件\Service</Filter>
    </ClCompile>
    <ClCompile Include="TTMS_SCU_Play_Perst_Mod.cpp">
      <Filter>源文件\Persistent</Filter>
    </ClCompile>
    <ClCompile Include="TTMS_SCU_EntKeySche_Perst_CompKeyM.cpp">
      <Filter>源文件\Persistent</Filter>
    </ClCompile>
    <ClCompile Include="TTMS_SCU_EntKeySche_Perst_CompKeyP.cpp">
      <Filter>源文件\Persistent</Filter>
    </ClCompile>
    <ClCompile Include="TTMS_SCU_EntKeySche_Perst_CompNewKeys.cpp">
      <Filter>源文件\Persistent</Filter>
    </ClCompile>
    <ClCompile Include="TTMS_SCU_Sche_Perst_FetchByID.cpp">
      <Filter>源文件\Persistent</Filter>
    </ClCompile>
    <ClCompile Include="TTMS_SCU_Sche_Srv_FetchByID.cpp">
      <Filter>源文件\Service</Filter>
    </ClCompile>
    <ClCompile Include="TTMS_SCU_Schedule_UI_MgtEnt.cpp">
      <Filter>源文件\View</Filter>
    </ClCompile>
    <ClCompile Include="TTMS_SCU_Schedule_Srv_Check.cpp">
      <Filter>源文件\Service</Filter>
    </ClCompile>
    <ClCompile Include="TTMS_SCU_Schedule_Perst_Insert.cpp">
      <Filter>源文件\Persistent</Filter>
    </ClCompile>
    <ClCompile Include="TTMS_SCU_Schedule_Srv_Add.cpp">
      <Filter>源文件\Service</Filter>
    </ClCompile>
    <ClCompile Include="TTMS_SCU_Schedule_UI_Add.cpp">
      <Filter>源文件\View</Filter>
    </ClCompile>
    <ClCompile Include="TTMS_SCU_Schedule_Perst_Del.cpp">
      <Filter>源文件\Persistent</Filter>
    </ClCompile>
    <ClCompile Include="TTMS_SCU_Schedule_Srv_Del.cpp">
      <Filter>源文件\Service</Filter>
    </ClCompile>
    <ClCompile Include="TTMS_SCU_Schedule_UI_Del.cpp">
      <Filter>源文件\View</Filter>
    </ClCompile>
    <ClCompile Include="TTMS_SCU_Schedule_Perst_Mod.cpp">
      <Filter>源文件\Persistent</Filter>
    </ClCompile>
    <ClCompile Include="TTMS_SCU_Schedule_Srv_Mod.cpp">
      <Filter>头文件\Service</Filter>
    </ClCompile>
    <ClCompile Include="TTMS_SCU_Schedule_UI_Browe.cpp">
      <Filter>源文件\View</Filter>
    </ClCompile>
    <ClCompile Include="TTMS_SCU_Schedule_UI_LookByP.cpp">
      <Filter>源文件\View</Filter>
    </ClCompile>
    <ClCompile Include="TTMS_SCU_Schedule_UI_Mod.cpp">
      <Filter>源文件\View</Filter>
    </ClCompile>
    <ClCompile Include="TTMS_SCU_Sale_UI_ShowTicket.cpp">
      <Filter>源文件\View</Filter>
    </ClCompile>
    <ClCompile Include="TTMS_SCU_Sale_UI_ShowSchedule.cpp">
      <Filter>源文件\View</Filter>
    </ClCompile>
    <ClCompile Include="TTMS_SCU_EntKey_Sale_CompNewKeys.cpp">
      <Filter>源文件\Persistent</Filter>
    </ClCompile>
    <ClCompile Include="TTMS_SCU_EntKey_Ticket_CompNewKeys.cpp">
      <Filter>源文件\Persistent</Filter>
    </ClCompile>
    <ClCompile Include="TTMS_SCU_EntKeySale_Perst_CompKeyM.cpp">
      <Filter>源文件\Persistent</Filter>
    </ClCompile>
    <ClCompile Include="TTMS_SCU_EntKeySale_Perst_CompKeyP.cpp">
      <Filter>源文件\Persistent</Filter>
    </ClCompile>
    <ClCompile Include="TTMS_SCU_EntKeyTicket_Perst_CompKeyM.cpp">
      <Filter>源文件\Persistent</Filter>
    </ClCompile>
    <ClCompile Include="TTMS_SCU_EntKeyTicket_Perst_CompKeyP.cpp">
      <Filter>源文件\Persistent</Filter>
    </ClCompile>
    <ClCompile Include="TTMS_SCU_Ticket_Srv_Add.cpp">
      <Filter>源文件\Service</Filter>
    </ClCompile>
    <ClCompile Include="TTMS_SCU_Ticket_Srv_StatusC.cpp">
      <Filter>源文件\Service</Filter>
    </ClCompile>
    <ClCompile Include="TTMS_SCU_Seat_Srv_StatusC.cpp">
      <Filter>源文件\Service</Filter>
    </ClCompile>
    <ClCompile Include="TTMS_SCU_Ticket_Perst_Insert.cpp">
      <Filter>源文件\Persistent</Filter>
    </ClCompile>
    <ClCompile Include="TTMS_SCU_Seat_Perst_FetchByRC.cpp">
      <Filter>源文件\Persistent</Filter>
    </ClCompile>
    <ClCompile Include="TTMS_SCU_Ticket_Perst_FetchByID.cpp">
      <Filter>源文件\Persistent</Filter>
    </ClCompile>
    <ClCompile Include="TTMS_SCU_Ticket_Perst_FetchByRC.cpp">
      <Filter>源文件\Persistent</Filter>
    </ClCompile>
    <ClCompile Include="TTMS_SCU_Sale_Perst_Insert.cpp">
      <Filter>源文件\Persistent</Filter>
    </ClCompile>
    <ClCompile Include="TTMS_SCU_Ticket_Perst_Mod.cpp">
      <Filter>源文件\Persistent</Filter>
    </ClCompile>
    <ClCompile Include="TTMS_SCU_Sale_Srv_Return.cpp">
      <Filter>源文件\Service</Filter>
    </ClCompile>
    <ClCompile Include="TTMS_SCU_Sale_Srv_Sale.cpp">
      <Filter>源文件\Service</Filter>
    </ClCompile>
    <ClCompile Include="TTMS_SCU_Ticket_ShowByT.cpp">
      <Filter>源文件\View</Filter>
    </ClCompile>
    <ClCompile Include="TTMS_SCU_SaleData_Perst_FetchByUser.cpp">
      <Filter>源文件\Persistent</Filter>
    </ClCompile>
    <ClCompile Include="TTMS_SCU_SaleData_Perst_FetchByID.cpp">
      <Filter>源文件\Persistent</Filter>
    </ClCompile>
    <ClCompile Include="TTMS_SCU_SaleData_UI_Analysis.cpp">
      <Filter>源文件\View</Filter>
    </ClCompile>
    <ClCompile Include="TTMS_SCU_SaleData_UI_Browe.cpp">
      <Filter>源文件\View</Filter>
    </ClCompile>
    <ClCompile Include="TTMS_SCU_SaleData_UI_LookByP.cpp">
      <Filter>源文件\View</Filter>
    </ClCompile>
    <ClCompile Include="TTMS_SCU_SaleData_Srv_FetchByID.cpp">
      <Filter>源文件\Service</Filter>
    </ClCompile>
    <ClCompile Include="TTMS_SCU_Sale_UI_MgtEnt.cpp">
      <Filter>源文件\View</Filter>
    </ClCompile>
    <ClCompile Include="TTMS_SCU_SaleM_UI_Money.cpp">
      <Filter>源文件\View</Filter>
    </ClCompile>
    <ClCompile Include="TTMS_SCU_Srv_DelAllSeatByStudioUp.cpp">
      <Filter>源文件</Filter>
    </ClCompile>
    <ClCompile Include="TTMS_SCU_Perst_DelAllSeatByStudioUp.cpp">
      <Filter>源文件</Filter>
    </ClCompile>
  </ItemGroup>
</Project>